{
  "object": {
    "pins": [
      {
        "package": "Amplitude",
        "repositoryURL": "https://github.com/amplitude/Amplitude-iOS.git",
        "state": {
          "branch": null,
          "revision": "dca2c744336e651ee285011282b86accc2ce3704",
          "version": "8.17.2"
        }
      },
      {
        "package": "analytics-connector-ios",
        "repositoryURL": "https://github.com/amplitude/analytics-connector-ios.git",
        "state": {
          "branch": null,
          "revision": "e2ca17ac735bcbc48b13062484541702ef45153d",
          "version": "1.0.3"
        }
      }
    ]
  },
  "version": 1
}
